// !$*UTF8*$!
{
	archiveVersion = 1;
	classes = {
	};
	objectVersion = 52;
	objects = {

/* Begin PBXBuildFile section */
		14206A46261C5BD1008ED897 /* Box.swift in Sources */ = {isa = PBXBuildFile; fileRef = 14206A45261C5BD1008ED897 /* Box.swift */; };
		14206A4A261C63DC008ED897 /* UIView+Ex.swift in Sources */ = {isa = PBXBuildFile; fileRef = 14206A49261C63DC008ED897 /* UIView+Ex.swift */; };
		14206A4E261C63ED008ED897 /* UIStackView+Ex.swift in Sources */ = {isa = PBXBuildFile; fileRef = 14206A4D261C63ED008ED897 /* UIStackView+Ex.swift */; };
		14206A51261C6402008ED897 /* UIImageView+Ex.swift in Sources */ = {isa = PBXBuildFile; fileRef = 14206A50261C6402008ED897 /* UIImageView+Ex.swift */; };
		14206A54261C6412008ED897 /* String+Ex.swift in Sources */ = {isa = PBXBuildFile; fileRef = 14206A53261C6412008ED897 /* String+Ex.swift */; };
		14F6731A261B573900D5A77A /* AppDelegate.swift in Sources */ = {isa = PBXBuildFile; fileRef = 14F67319261B573900D5A77A /* AppDelegate.swift */; };
		14F6731E261B573900D5A77A /* TodayViewController.swift in Sources */ = {isa = PBXBuildFile; fileRef = 14F6731D261B573900D5A77A /* TodayViewController.swift */; };
		14F67323261B573B00D5A77A /* Assets.xcassets in Resources */ = {isa = PBXBuildFile; fileRef = 14F67322261B573B00D5A77A /* Assets.xcassets */; };
		14F67326261B573B00D5A77A /* LaunchScreen.storyboard in Resources */ = {isa = PBXBuildFile; fileRef = 14F67324261B573B00D5A77A /* LaunchScreen.storyboard */; };
		14F67332261B58FB00D5A77A /* MainViewController.swift in Sources */ = {isa = PBXBuildFile; fileRef = 14F67331261B58FB00D5A77A /* MainViewController.swift */; };
		14F6733A261B5A6200D5A77A /* ForecastViewController.swift in Sources */ = {isa = PBXBuildFile; fileRef = 14F67339261B5A6200D5A77A /* ForecastViewController.swift */; };
		14F6733F261B628200D5A77A /* WeatherViewModel.swift in Sources */ = {isa = PBXBuildFile; fileRef = 14F6733E261B628200D5A77A /* WeatherViewModel.swift */; };
		14F67342261B62DE00D5A77A /* Weather.swift in Sources */ = {isa = PBXBuildFile; fileRef = 14F67341261B62DE00D5A77A /* Weather.swift */; };
		14F67346261B65CA00D5A77A /* NetworkManager.swift in Sources */ = {isa = PBXBuildFile; fileRef = 14F67345261B65CA00D5A77A /* NetworkManager.swift */; };
		14F6734A261B65DF00D5A77A /* NetworkError.swift in Sources */ = {isa = PBXBuildFile; fileRef = 14F67349261B65DF00D5A77A /* NetworkError.swift */; };
		14F67350261B7A4300D5A77A /* SnapKit in Frameworks */ = {isa = PBXBuildFile; productRef = 14F6734F261B7A4300D5A77A /* SnapKit */; };
/* End PBXBuildFile section */

/* Begin PBXFileReference section */
		14206A45261C5BD1008ED897 /* Box.swift */ = {isa = PBXFileReference; lastKnownFileType = sourcecode.swift; path = Box.swift; sourceTree = "<group>"; };
		14206A49261C63DC008ED897 /* UIView+Ex.swift */ = {isa = PBXFileReference; lastKnownFileType = sourcecode.swift; path = "UIView+Ex.swift"; sourceTree = "<group>"; };
		14206A4D261C63ED008ED897 /* UIStackView+Ex.swift */ = {isa = PBXFileReference; lastKnownFileType = sourcecode.swift; path = "UIStackView+Ex.swift"; sourceTree = "<group>"; };
		14206A50261C6402008ED897 /* UIImageView+Ex.swift */ = {isa = PBXFileReference; lastKnownFileType = sourcecode.swift; path = "UIImageView+Ex.swift"; sourceTree = "<group>"; };
		14206A53261C6412008ED897 /* String+Ex.swift */ = {isa = PBXFileReference; lastKnownFileType = sourcecode.swift; path = "String+Ex.swift"; sourceTree = "<group>"; };
		14F67316261B573900D5A77A /* WeatherForInnovise.app */ = {isa = PBXFileReference; explicitFileType = wrapper.application; includeInIndex = 0; path = WeatherForInnovise.app; sourceTree = BUILT_PRODUCTS_DIR; };
		14F67319261B573900D5A77A /* AppDelegate.swift */ = {isa = PBXFileReference; lastKnownFileType = sourcecode.swift; path = AppDelegate.swift; sourceTree = "<group>"; };
		14F6731D261B573900D5A77A /* TodayViewController.swift */ = {isa = PBXFileReference; lastKnownFileType = sourcecode.swift; path = TodayViewController.swift; sourceTree = "<group>"; };
		14F67322261B573B00D5A77A /* Assets.xcassets */ = {isa = PBXFileReference; lastKnownFileType = folder.assetcatalog; path = Assets.xcassets; sourceTree = "<group>"; };
		14F67325261B573B00D5A77A /* Base */ = {isa = PBXFileReference; lastKnownFileType = file.storyboard; name = Base; path = Base.lproj/LaunchScreen.storyboard; sourceTree = "<group>"; };
		14F67327261B573B00D5A77A /* Info.plist */ = {isa = PBXFileReference; lastKnownFileType = text.plist.xml; path = Info.plist; sourceTree = "<group>"; };
		14F67331261B58FB00D5A77A /* MainViewController.swift */ = {isa = PBXFileReference; lastKnownFileType = sourcecode.swift; path = MainViewController.swift; sourceTree = "<group>"; };
		14F67339261B5A6200D5A77A /* ForecastViewController.swift */ = {isa = PBXFileReference; lastKnownFileType = sourcecode.swift; path = ForecastViewController.swift; sourceTree = "<group>"; };
		14F6733E261B628200D5A77A /* WeatherViewModel.swift */ = {isa = PBXFileReference; lastKnownFileType = sourcecode.swift; path = WeatherViewModel.swift; sourceTree = "<group>"; };
		14F67341261B62DE00D5A77A /* Weather.swift */ = {isa = PBXFileReference; lastKnownFileType = sourcecode.swift; path = Weather.swift; sourceTree = "<group>"; };
		14F67345261B65CA00D5A77A /* NetworkManager.swift */ = {isa = PBXFileReference; lastKnownFileType = sourcecode.swift; path = NetworkManager.swift; sourceTree = "<group>"; };
		14F67349261B65DF00D5A77A /* NetworkError.swift */ = {isa = PBXFileReference; lastKnownFileType = sourcecode.swift; path = NetworkError.swift; sourceTree = "<group>"; };
/* End PBXFileReference section */

/* Begin PBXFrameworksBuildPhase section */
		14F67313261B573900D5A77A /* Frameworks */ = {
			isa = PBXFrameworksBuildPhase;
			buildActionMask = 2147483647;
			files = (
				14F67350261B7A4300D5A77A /* SnapKit in Frameworks */,
			);
			runOnlyForDeploymentPostprocessing = 0;
		};
/* End PBXFrameworksBuildPhase section */

/* Begin PBXGroup section */
		14206A48261C63BB008ED897 /* Extensions */ = {
			isa = PBXGroup;
			children = (
				14206A49261C63DC008ED897 /* UIView+Ex.swift */,
				14206A4D261C63ED008ED897 /* UIStackView+Ex.swift */,
				14206A50261C6402008ED897 /* UIImageView+Ex.swift */,
				14206A53261C6412008ED897 /* String+Ex.swift */,
			);
			path = Extensions;
			sourceTree = "<group>";
		};
		14F6730D261B573900D5A77A = {
			isa = PBXGroup;
			children = (
				14F67318261B573900D5A77A /* WeatherForInnovise */,
				14F67317261B573900D5A77A /* Products */,
			);
			sourceTree = "<group>";
		};
		14F67317261B573900D5A77A /* Products */ = {
			isa = PBXGroup;
			children = (
				14F67316261B573900D5A77A /* WeatherForInnovise.app */,
			);
			name = Products;
			sourceTree = "<group>";
		};
		14F67318261B573900D5A77A /* WeatherForInnovise */ = {
			isa = PBXGroup;
			children = (
				14F67334261B58FE00D5A77A /* App */,
				14F67335261B591500D5A77A /* Model */,
				14F67337261B594900D5A77A /* View */,
				14F67336261B592900D5A77A /* ViewModel */,
				14F67338261B596200D5A77A /* SupportingFiles */,
			);
			path = WeatherForInnovise;
			sourceTree = "<group>";
		};
		14F67334261B58FE00D5A77A /* App */ = {
			isa = PBXGroup;
			children = (
				14206A48261C63BB008ED897 /* Extensions */,
				14F67344261B65B900D5A77A /* NetworkManager */,
				14F67319261B573900D5A77A /* AppDelegate.swift */,
				14206A45261C5BD1008ED897 /* Box.swift */,
			);
			path = App;
			sourceTree = "<group>";
		};
		14F67335261B591500D5A77A /* Model */ = {
			isa = PBXGroup;
			children = (
				14F67341261B62DE00D5A77A /* Weather.swift */,
			);
			path = Model;
			sourceTree = "<group>";
		};
		14F67336261B592900D5A77A /* ViewModel */ = {
			isa = PBXGroup;
			children = (
				14F6733E261B628200D5A77A /* WeatherViewModel.swift */,
			);
			path = ViewModel;
			sourceTree = "<group>";
		};
		14F67337261B594900D5A77A /* View */ = {
			isa = PBXGroup;
			children = (
				14F67331261B58FB00D5A77A /* MainViewController.swift */,
				14F6731D261B573900D5A77A /* TodayViewController.swift */,
				14F67339261B5A6200D5A77A /* ForecastViewController.swift */,
			);
			path = View;
			sourceTree = "<group>";
		};
		14F67338261B596200D5A77A /* SupportingFiles */ = {
			isa = PBXGroup;
			children = (
				14F67322261B573B00D5A77A /* Assets.xcassets */,
				14F67324261B573B00D5A77A /* LaunchScreen.storyboard */,
				14F67327261B573B00D5A77A /* Info.plist */,
			);
			path = SupportingFiles;
			sourceTree = "<group>";
		};
		14F67344261B65B900D5A77A /* NetworkManager */ = {
			isa = PBXGroup;
			children = (
				14F67345261B65CA00D5A77A /* NetworkManager.swift */,
				14F67349261B65DF00D5A77A /* NetworkError.swift */,
			);
			path = NetworkManager;
			sourceTree = "<group>";
		};
/* End PBXGroup section */

/* Begin PBXNativeTarget section */
		14F67315261B573900D5A77A /* WeatherForInnovise */ = {
			isa = PBXNativeTarget;
			buildConfigurationList = 14F6732A261B573B00D5A77A /* Build configuration list for PBXNativeTarget "WeatherForInnovise" */;
			buildPhases = (
				14F67312261B573900D5A77A /* Sources */,
				14F67313261B573900D5A77A /* Frameworks */,
				14F67314261B573900D5A77A /* Resources */,
			);
			buildRules = (
			);
			dependencies = (
			);
			name = WeatherForInnovise;
			packageProductDependencies = (
				14F6734F261B7A4300D5A77A /* SnapKit */,
			);
			productName = WeatherForInnovise;
			productReference = 14F67316261B573900D5A77A /* WeatherForInnovise.app */;
			productType = "com.apple.product-type.application";
		};
/* End PBXNativeTarget section */

/* Begin PBXProject section */
		14F6730E261B573900D5A77A /* Project object */ = {
			isa = PBXProject;
			attributes = {
				LastSwiftUpdateCheck = 1240;
				LastUpgradeCheck = 1240;
				TargetAttributes = {
					14F67315261B573900D5A77A = {
						CreatedOnToolsVersion = 12.4;
					};
				};
			};
			buildConfigurationList = 14F67311261B573900D5A77A /* Build configuration list for PBXProject "WeatherForInnovise" */;
			compatibilityVersion = "Xcode 9.3";
			developmentRegion = en;
			hasScannedForEncodings = 0;
			knownRegions = (
				en,
				Base,
			);
			mainGroup = 14F6730D261B573900D5A77A;
			packageReferences = (
				14F6734E261B7A4300D5A77A /* XCRemoteSwiftPackageReference "SnapKit" */,
			);
			productRefGroup = 14F67317261B573900D5A77A /* Products */;
			projectDirPath = "";
			projectRoot = "";
			targets = (
				14F67315261B573900D5A77A /* WeatherForInnovise */,
			);
		};
/* End PBXProject section */

/* Begin PBXResourcesBuildPhase section */
		14F67314261B573900D5A77A /* Resources */ = {
			isa = PBXResourcesBuildPhase;
			buildActionMask = 2147483647;
			files = (
				14F67326261B573B00D5A77A /* LaunchScreen.storyboard in Resources */,
				14F67323261B573B00D5A77A /* Assets.xcassets in Resources */,
			);
			runOnlyForDeploymentPostprocessing = 0;
		};
/* End PBXResourcesBuildPhase section */

/* Begin PBXSourcesBuildPhase section */
		14F67312261B573900D5A77A /* Sources */ = {
			isa = PBXSourcesBuildPhase;
			buildActionMask = 2147483647;
			files = (
				14206A46261C5BD1008ED897 /* Box.swift in Sources */,
				14F6733F261B628200D5A77A /* WeatherViewModel.swift in Sources */,
				14F6734A261B65DF00D5A77A /* NetworkError.swift in Sources */,
				14206A54261C6412008ED897 /* String+Ex.swift in Sources */,
				14206A51261C6402008ED897 /* UIImageView+Ex.swift in Sources */,
				14F67332261B58FB00D5A77A /* MainViewController.swift in Sources */,
				14F6733A261B5A6200D5A77A /* ForecastViewController.swift in Sources */,
				14F67346261B65CA00D5A77A /* NetworkManager.swift in Sources */,
				14206A4E261C63ED008ED897 /* UIStackView+Ex.swift in Sources */,
				14F6731E261B573900D5A77A /* TodayViewController.swift in Sources */,
				14F67342261B62DE00D5A77A /* Weather.swift in Sources */,
				14F6731A261B573900D5A77A /* AppDelegate.swift in Sources */,
				14206A4A261C63DC008ED897 /* UIView+Ex.swift in Sources */,
			);
			runOnlyForDeploymentPostprocessing = 0;
		};
/* End PBXSourcesBuildPhase section */

/* Begin PBXVariantGroup section */
		14F67324261B573B00D5A77A /* LaunchScreen.storyboard */ = {
			isa = PBXVariantGroup;
			children = (
				14F67325261B573B00D5A77A /* Base */,
			);
			name = LaunchScreen.storyboard;
			sourceTree = "<group>";
		};
/* End PBXVariantGroup section */

/* Begin XCBuildConfiguration section */
		14F67328261B573B00D5A77A /* Debug */ = {
			isa = XCBuildConfiguration;
			buildSettings = {
				ALWAYS_SEARCH_USER_PATHS = NO;
				CLANG_ANALYZER_NONNULL = YES;
				CLANG_ANALYZER_NUMBER_OBJECT_CONVERSION = YES_AGGRESSIVE;
				CLANG_CXX_LANGUAGE_STANDARD = "gnu++14";
				CLANG_CXX_LIBRARY = "libc++";
				CLANG_ENABLE_MODULES = YES;
				CLANG_ENABLE_OBJC_ARC = YES;
				CLANG_ENABLE_OBJC_WEAK = YES;
				CLANG_WARN_BLOCK_CAPTURE_AUTORELEASING = YES;
				CLANG_WARN_BOOL_CONVERSION = YES;
				CLANG_WARN_COMMA = YES;
				CLANG_WARN_CONSTANT_CONVERSION = YES;
				CLANG_WARN_DEPRECATED_OBJC_IMPLEMENTATIONS = YES;
				CLANG_WARN_DIRECT_OBJC_ISA_USAGE = YES_ERROR;
				CLANG_WARN_DOCUMENTATION_COMMENTS = YES;
				CLANG_WARN_EMPTY_BODY = YES;
				CLANG_WARN_ENUM_CONVERSION = YES;
				CLANG_WARN_INFINITE_RECURSION = YES;
				CLANG_WARN_INT_CONVERSION = YES;
				CLANG_WARN_NON_LITERAL_NULL_CONVERSION = YES;
				CLANG_WARN_OBJC_IMPLICIT_RETAIN_SELF = YES;
				CLANG_WARN_OBJC_LITERAL_CONVERSION = YES;
				CLANG_WARN_OBJC_ROOT_CLASS = YES_ERROR;
				CLANG_WARN_QUOTED_INCLUDE_IN_FRAMEWORK_HEADER = YES;
				CLANG_WARN_RANGE_LOOP_ANALYSIS = YES;
				CLANG_WARN_STRICT_PROTOTYPES = YES;
				CLANG_WARN_SUSPICIOUS_MOVE = YES;
				CLANG_WARN_UNGUARDED_AVAILABILITY = YES_AGGRESSIVE;
				CLANG_WARN_UNREACHABLE_CODE = YES;
				CLANG_WARN__DUPLICATE_METHOD_MATCH = YES;
				COPY_PHASE_STRIP = NO;
				DEBUG_INFORMATION_FORMAT = dwarf;
				ENABLE_STRICT_OBJC_MSGSEND = YES;
				ENABLE_TESTABILITY = YES;
				GCC_C_LANGUAGE_STANDARD = gnu11;
				GCC_DYNAMIC_NO_PIC = NO;
				GCC_NO_COMMON_BLOCKS = YES;
				GCC_OPTIMIZATION_LEVEL = 0;
				GCC_PREPROCESSOR_DEFINITIONS = (
					"DEBUG=1",
					"$(inherited)",
				);
				GCC_WARN_64_TO_32_BIT_CONVERSION = YES;
				GCC_WARN_ABOUT_RETURN_TYPE = YES_ERROR;
				GCC_WARN_UNDECLARED_SELECTOR = YES;
				GCC_WARN_UNINITIALIZED_AUTOS = YES_AGGRESSIVE;
				GCC_WARN_UNUSED_FUNCTION = YES;
				GCC_WARN_UNUSED_VARIABLE = YES;
				IPHONEOS_DEPLOYMENT_TARGET = 14.4;
				MTL_ENABLE_DEBUG_INFO = INCLUDE_SOURCE;
				MTL_FAST_MATH = YES;
				ONLY_ACTIVE_ARCH = YES;
				SDKROOT = iphoneos;
				SWIFT_ACTIVE_COMPILATION_CONDITIONS = DEBUG;
				SWIFT_OPTIMIZATION_LEVEL = "-Onone";
			};
			name = Debug;
		};
		14F67329261B573B00D5A77A /* Release */ = {
			isa = XCBuildConfiguration;
			buildSettings = {
				ALWAYS_SEARCH_USER_PATHS = NO;
				CLANG_ANALYZER_NONNULL = YES;
				CLANG_ANALYZER_NUMBER_OBJECT_CONVERSION = YES_AGGRESSIVE;
				CLANG_CXX_LANGUAGE_STANDARD = "gnu++14";
				CLANG_CXX_LIBRARY = "libc++";
				CLANG_ENABLE_MODULES = YES;
				CLANG_ENABLE_OBJC_ARC = YES;
				CLANG_ENABLE_OBJC_WEAK = YES;
				CLANG_WARN_BLOCK_CAPTURE_AUTORELEASING = YES;
				CLANG_WARN_BOOL_CONVERSION = YES;
				CLANG_WARN_COMMA = YES;
				CLANG_WARN_CONSTANT_CONVERSION = YES;
				CLANG_WARN_DEPRECATED_OBJC_IMPLEMENTATIONS = YES;
				CLANG_WARN_DIRECT_OBJC_ISA_USAGE = YES_ERROR;
				CLANG_WARN_DOCUMENTATION_COMMENTS = YES;
				CLANG_WARN_EMPTY_BODY = YES;
				CLANG_WARN_ENUM_CONVERSION = YES;
				CLANG_WARN_INFINITE_RECURSION = YES;
				CLANG_WARN_INT_CONVERSION = YES;
				CLANG_WARN_NON_LITERAL_NULL_CONVERSION = YES;
				CLANG_WARN_OBJC_IMPLICIT_RETAIN_SELF = YES;
				CLANG_WARN_OBJC_LITERAL_CONVERSION = YES;
				CLANG_WARN_OBJC_ROOT_CLASS = YES_ERROR;
				CLANG_WARN_QUOTED_INCLUDE_IN_FRAMEWORK_HEADER = YES;
				CLANG_WARN_RANGE_LOOP_ANALYSIS = YES;
				CLANG_WARN_STRICT_PROTOTYPES = YES;
				CLANG_WARN_SUSPICIOUS_MOVE = YES;
				CLANG_WARN_UNGUARDED_AVAILABILITY = YES_AGGRESSIVE;
				CLANG_WARN_UNREACHABLE_CODE = YES;
				CLANG_WARN__DUPLICATE_METHOD_MATCH = YES;
				COPY_PHASE_STRIP = NO;
				DEBUG_INFORMATION_FORMAT = "dwarf-with-dsym";
				ENABLE_NS_ASSERTIONS = NO;
				ENABLE_STRICT_OBJC_MSGSEND = YES;
				GCC_C_LANGUAGE_STANDARD = gnu11;
				GCC_NO_COMMON_BLOCKS = YES;
				GCC_WARN_64_TO_32_BIT_CONVERSION = YES;
				GCC_WARN_ABOUT_RETURN_TYPE = YES_ERROR;
				GCC_WARN_UNDECLARED_SELECTOR = YES;
				GCC_WARN_UNINITIALIZED_AUTOS = YES_AGGRESSIVE;
				GCC_WARN_UNUSED_FUNCTION = YES;
				GCC_WARN_UNUSED_VARIABLE = YES;
				IPHONEOS_DEPLOYMENT_TARGET = 14.4;
				MTL_ENABLE_DEBUG_INFO = NO;
				MTL_FAST_MATH = YES;
				SDKROOT = iphoneos;
				SWIFT_COMPILATION_MODE = wholemodule;
				SWIFT_OPTIMIZATION_LEVEL = "-O";
				VALIDATE_PRODUCT = YES;
			};
			name = Release;
		};
		14F6732B261B573B00D5A77A /* Debug */ = {
			isa = XCBuildConfiguration;
			buildSettings = {
				ASSETCATALOG_COMPILER_APPICON_NAME = AppIcon;
				ASSETCATALOG_COMPILER_GLOBAL_ACCENT_COLOR_NAME = AccentColor;
				CODE_SIGN_STYLE = Automatic;
				DEVELOPMENT_TEAM = BBD9R4HKY2;
				INFOPLIST_FILE = WeatherForInnovise/SupportingFiles/Info.plist;
				LD_RUNPATH_SEARCH_PATHS = (
					"$(inherited)",
					"@executable_path/Frameworks",
				);
				PRODUCT_BUNDLE_IDENTIFIER = HellizarApps.com.WeatherForInnovise;
				PRODUCT_NAME = "$(TARGET_NAME)";
				SWIFT_VERSION = 5.0;
				TARGETED_DEVICE_FAMILY = 1;
			};
			name = Debug;
		};
		14F6732C261B573B00D5A77A /* Release */ = {
			isa = XCBuildConfiguration;
			buildSettings = {
				ASSETCATALOG_COMPILER_APPICON_NAME = AppIcon;
				ASSETCATALOG_COMPILER_GLOBAL_ACCENT_COLOR_NAME = AccentColor;
				CODE_SIGN_STYLE = Automatic;
				DEVELOPMENT_TEAM = BBD9R4HKY2;
				INFOPLIST_FILE = WeatherForInnovise/SupportingFiles/Info.plist;
				LD_RUNPATH_SEARCH_PATHS = (
					"$(inherited)",
					"@executable_path/Frameworks",
				);
				PRODUCT_BUNDLE_IDENTIFIER = HellizarApps.com.WeatherForInnovise;
				PRODUCT_NAME = "$(TARGET_NAME)";
				SWIFT_VERSION = 5.0;
				TARGETED_DEVICE_FAMILY = 1;
			};
			name = Release;
		};
/* End XCBuildConfiguration section */

/* Begin XCConfigurationList section */
		14F67311261B573900D5A77A /* Build configuration list for PBXProject "WeatherForInnovise" */ = {
			isa = XCConfigurationList;
			buildConfigurations = (
				14F67328261B573B00D5A77A /* Debug */,
				14F67329261B573B00D5A77A /* Release */,
			);
			defaultConfigurationIsVisible = 0;
			defaultConfigurationName = Release;
		};
		14F6732A261B573B00D5A77A /* Build configuration list for PBXNativeTarget "WeatherForInnovise" */ = {
			isa = XCConfigurationList;
			buildConfigurations = (
				14F6732B261B573B00D5A77A /* Debug */,
				14F6732C261B573B00D5A77A /* Release */,
			);
			defaultConfigurationIsVisible = 0;
			defaultConfigurationName = Release;
		};
/* End XCConfigurationList section */

/* Begin XCRemoteSwiftPackageReference section */
		14F6734E261B7A4300D5A77A /* XCRemoteSwiftPackageReference "SnapKit" */ = {
			isa = XCRemoteSwiftPackageReference;
			repositoryURL = "https://github.com/SnapKit/SnapKit";
			requirement = {
				kind = upToNextMajorVersion;
				minimumVersion = 5.0.1;
			};
		};
/* End XCRemoteSwiftPackageReference section */

/* Begin XCSwiftPackageProductDependency section */
		14F6734F261B7A4300D5A77A /* SnapKit */ = {
			isa = XCSwiftPackageProductDependency;
			package = 14F6734E261B7A4300D5A77A /* XCRemoteSwiftPackageReference "SnapKit" */;
			productName = SnapKit;
		};
/* End XCSwiftPackageProductDependency section */
	};
	rootObject = 14F6730E261B573900D5A77A /* Project object */;
}
